
Microsoft Visual Studio Solution File, Format Version 12.00
# Visual Studio Version 17
VisualStudioVersion = 17.0.31912.275
MinimumVisualStudioVersion = 10.0.40219.1
Project("{FAE04EC0-301F-11D3-BF4B-00C04F79EFBC}") = "CSharpMSSQL", "CSharpMSSQL\CSharpMSSQL.csproj", "{159A38AB-5303-48C0-AC7E-9E6D8548903B}"
EndProject
Global
	GlobalSection(SolutionConfigurationPlatforms) = preSolution
		Debug|Any CPU = Debug|Any CPU
		Release|Any CPU = Release|Any CPU
	EndGlobalSection
	GlobalSection(ProjectConfigurationPlatforms) = postSolution
		{159A38AB-5303-48C0-AC7E-9E6D8548903B}.Debug|Any CPU.ActiveCfg = Debug|Any CPU
		{159A38AB-5303-48C0-AC7E-9E6D8548903B}.Debug|Any CPU.Build.0 = Debug|Any CPU
		{159A38AB-5303-48C0-AC7E-9E6D8548903B}.Release|Any CPU.ActiveCfg = Release|Any CPU
		{159A38AB-5303-48C0-AC7E-9E6D8548903B}.Release|Any CPU.Build.0 = Release|Any CPU
	EndGlobalSection
	GlobalSection(SolutionProperties) = preSolution
		HideSolutionNode = FALSE
	EndGlobalSection
	GlobalSection(ExtensibilityGlobals) = postSolution
		SolutionGuid = {8BCAFF18-2A3D-462B-AD93-93E60660C4FA}
	EndGlobalSection
EndGlobal
